// !$*UTF8*$!
{
	archiveVersion = 1;
	classes = {
	};
	objectVersion = 56;
	objects = {

/* Begin PBXBuildFile section */
		FC95F0A52A5E18A200268837 /* Little_Lemon_CapstoneApp.swift in Sources */ = {isa = PBXBuildFile; fileRef = FC95F0A42A5E18A200268837 /* Little_Lemon_CapstoneApp.swift */; };
		FC95F0A92A5E18AA00268837 /* Assets.xcassets in Resources */ = {isa = PBXBuildFile; fileRef = FC95F0A82A5E18AA00268837 /* Assets.xcassets */; };
		FC9E2DD42A6093E400ABF5CB /* Onboarding.swift in Sources */ = {isa = PBXBuildFile; fileRef = FC9E2DD32A6093E400ABF5CB /* Onboarding.swift */; };
		FC9E2DD62A609A1F00ABF5CB /* Home.swift in Sources */ = {isa = PBXBuildFile; fileRef = FC9E2DD52A609A1F00ABF5CB /* Home.swift */; };
		FC9E2DD82A609A5600ABF5CB /* Menu.swift in Sources */ = {isa = PBXBuildFile; fileRef = FC9E2DD72A609A5600ABF5CB /* Menu.swift */; };
		FC9E2DDA2A609EC500ABF5CB /* UserProfile.swift in Sources */ = {isa = PBXBuildFile; fileRef = FC9E2DD92A609EC500ABF5CB /* UserProfile.swift */; };
		FC9E2DDD2A61B97200ABF5CB /* Persistence.swift in Sources */ = {isa = PBXBuildFile; fileRef = FC9E2DDB2A61B97200ABF5CB /* Persistence.swift */; };
		FC9E2DDE2A61B97200ABF5CB /* FetchedObjects.swift in Sources */ = {isa = PBXBuildFile; fileRef = FC9E2DDC2A61B97200ABF5CB /* FetchedObjects.swift */; };
		FC9E2DE02A61B9D200ABF5CB /* MenuList.swift in Sources */ = {isa = PBXBuildFile; fileRef = FC9E2DDF2A61B9D200ABF5CB /* MenuList.swift */; };
		FC9E2DE22A61B9DC00ABF5CB /* MenuItem.swift in Sources */ = {isa = PBXBuildFile; fileRef = FC9E2DE12A61B9DC00ABF5CB /* MenuItem.swift */; };
		FC9E2DE72A61BDBA00ABF5CB /* ExampleDatabase.xcdatamodeld in Sources */ = {isa = PBXBuildFile; fileRef = FC9E2DE52A61BDBA00ABF5CB /* ExampleDatabase.xcdatamodeld */; };
		FC9E2DE92A61C22000ABF5CB /* Dish + Extension.swift in Sources */ = {isa = PBXBuildFile; fileRef = FC9E2DE82A61C22000ABF5CB /* Dish + Extension.swift */; };
		FCE135FF2A635D3000CBF152 /* HomeView.swift in Sources */ = {isa = PBXBuildFile; fileRef = FCE135FE2A635D3000CBF152 /* HomeView.swift */; };
/* End PBXBuildFile section */

/* Begin PBXFileReference section */
		FC95F0A12A5E18A200268837 /* Little Lemon Capstone.app */ = {isa = PBXFileReference; explicitFileType = wrapper.application; includeInIndex = 0; path = "Little Lemon Capstone.app"; sourceTree = BUILT_PRODUCTS_DIR; };
		FC95F0A42A5E18A200268837 /* Little_Lemon_CapstoneApp.swift */ = {isa = PBXFileReference; lastKnownFileType = sourcecode.swift; path = Little_Lemon_CapstoneApp.swift; sourceTree = "<group>"; };
		FC95F0A82A5E18AA00268837 /* Assets.xcassets */ = {isa = PBXFileReference; lastKnownFileType = folder.assetcatalog; path = Assets.xcassets; sourceTree = "<group>"; };
		FC9E2DD32A6093E400ABF5CB /* Onboarding.swift */ = {isa = PBXFileReference; lastKnownFileType = sourcecode.swift; path = Onboarding.swift; sourceTree = "<group>"; };
		FC9E2DD52A609A1F00ABF5CB /* Home.swift */ = {isa = PBXFileReference; lastKnownFileType = sourcecode.swift; path = Home.swift; sourceTree = "<group>"; };
		FC9E2DD72A609A5600ABF5CB /* Menu.swift */ = {isa = PBXFileReference; lastKnownFileType = sourcecode.swift; path = Menu.swift; sourceTree = "<group>"; };
		FC9E2DD92A609EC500ABF5CB /* UserProfile.swift */ = {isa = PBXFileReference; lastKnownFileType = sourcecode.swift; path = UserProfile.swift; sourceTree = "<group>"; };
		FC9E2DDB2A61B97200ABF5CB /* Persistence.swift */ = {isa = PBXFileReference; fileEncoding = 4; lastKnownFileType = sourcecode.swift; path = Persistence.swift; sourceTree = "<group>"; };
		FC9E2DDC2A61B97200ABF5CB /* FetchedObjects.swift */ = {isa = PBXFileReference; fileEncoding = 4; lastKnownFileType = sourcecode.swift; path = FetchedObjects.swift; sourceTree = "<group>"; };
		FC9E2DDF2A61B9D200ABF5CB /* MenuList.swift */ = {isa = PBXFileReference; lastKnownFileType = sourcecode.swift; path = MenuList.swift; sourceTree = "<group>"; };
		FC9E2DE12A61B9DC00ABF5CB /* MenuItem.swift */ = {isa = PBXFileReference; lastKnownFileType = sourcecode.swift; path = MenuItem.swift; sourceTree = "<group>"; };
		FC9E2DE62A61BDBA00ABF5CB /* ExampleDatabase.xcdatamodel */ = {isa = PBXFileReference; lastKnownFileType = wrapper.xcdatamodel; path = ExampleDatabase.xcdatamodel; sourceTree = "<group>"; };
		FC9E2DE82A61C22000ABF5CB /* Dish + Extension.swift */ = {isa = PBXFileReference; lastKnownFileType = sourcecode.swift; path = "Dish + Extension.swift"; sourceTree = "<group>"; };
		FCE135FE2A635D3000CBF152 /* HomeView.swift */ = {isa = PBXFileReference; lastKnownFileType = sourcecode.swift; path = HomeView.swift; sourceTree = "<group>"; };
/* End PBXFileReference section */

/* Begin PBXFrameworksBuildPhase section */
		FC95F09E2A5E18A200268837 /* Frameworks */ = {
			isa = PBXFrameworksBuildPhase;
			buildActionMask = 2147483647;
			files = (
			);
			runOnlyForDeploymentPostprocessing = 0;
		};
/* End PBXFrameworksBuildPhase section */

/* Begin PBXGroup section */
		FC95F0982A5E18A200268837 = {
			isa = PBXGroup;
			children = (
				FC95F0A32A5E18A200268837 /* Little Lemon Capstone */,
				FC95F0A22A5E18A200268837 /* Products */,
			);
			sourceTree = "<group>";
		};
		FC95F0A22A5E18A200268837 /* Products */ = {
			isa = PBXGroup;
			children = (
				FC95F0A12A5E18A200268837 /* Little Lemon Capstone.app */,
			);
			name = Products;
			sourceTree = "<group>";
		};
		FC95F0A32A5E18A200268837 /* Little Lemon Capstone */ = {
			isa = PBXGroup;
			children = (
				FC95F0A42A5E18A200268837 /* Little_Lemon_CapstoneApp.swift */,
				FC9E2DD32A6093E400ABF5CB /* Onboarding.swift */,
				FC9E2DD52A609A1F00ABF5CB /* Home.swift */,
				FCE135FE2A635D3000CBF152 /* HomeView.swift */,
				FC9E2DD72A609A5600ABF5CB /* Menu.swift */,
				FC9E2DD92A609EC500ABF5CB /* UserProfile.swift */,
				FC9E2DDB2A61B97200ABF5CB /* Persistence.swift */,
				FC9E2DE12A61B9DC00ABF5CB /* MenuItem.swift */,
				FC9E2DDF2A61B9D200ABF5CB /* MenuList.swift */,
				FC9E2DDC2A61B97200ABF5CB /* FetchedObjects.swift */,
				FC9E2DE82A61C22000ABF5CB /* Dish + Extension.swift */,
				FC9E2DE52A61BDBA00ABF5CB /* ExampleDatabase.xcdatamodeld */,
				FC95F0A82A5E18AA00268837 /* Assets.xcassets */,
			);
			path = "Little Lemon Capstone";
			sourceTree = "<group>";
		};
/* End PBXGroup section */

/* Begin PBXNativeTarget section */
		FC95F0A02A5E18A200268837 /* Little Lemon Capstone */ = {
			isa = PBXNativeTarget;
			buildConfigurationList = FC95F0AF2A5E18AA00268837 /* Build configuration list for PBXNativeTarget "Little Lemon Capstone" */;
			buildPhases = (
				FC95F09D2A5E18A200268837 /* Sources */,
				FC95F09E2A5E18A200268837 /* Frameworks */,
				FC95F09F2A5E18A200268837 /* Resources */,
			);
			buildRules = (
			);
			dependencies = (
			);
			name = "Little Lemon Capstone";
			productName = "Little Lemon Capstone";
			productReference = FC95F0A12A5E18A200268837 /* Little Lemon Capstone.app */;
			productType = "com.apple.product-type.application";
		};
/* End PBXNativeTarget section */

/* Begin PBXProject section */
		FC95F0992A5E18A200268837 /* Project object */ = {
			isa = PBXProject;
			attributes = {
				BuildIndependentTargetsInParallel = 1;
				LastSwiftUpdateCheck = 1430;
				LastUpgradeCheck = 1430;
				TargetAttributes = {
					FC95F0A02A5E18A200268837 = {
						CreatedOnToolsVersion = 14.3.1;
					};
				};
			};
			buildConfigurationList = FC95F09C2A5E18A200268837 /* Build configuration list for PBXProject "Little Lemon Capstone" */;
			compatibilityVersion = "Xcode 14.0";
			developmentRegion = en;
			hasScannedForEncodings = 0;
			knownRegions = (
				en,
				Base,
			);
			mainGroup = FC95F0982A5E18A200268837;
			productRefGroup = FC95F0A22A5E18A200268837 /* Products */;
			projectDirPath = "";
			projectRoot = "";
			targets = (
				FC95F0A02A5E18A200268837 /* Little Lemon Capstone */,
			);
		};
/* End PBXProject section */

/* Begin PBXResourcesBuildPhase section */
		FC95F09F2A5E18A200268837 /* Resources */ = {
			isa = PBXResourcesBuildPhase;
			buildActionMask = 2147483647;
			files = (
				FC95F0A92A5E18AA00268837 /* Assets.xcassets in Resources */,
			);
			runOnlyForDeploymentPostprocessing = 0;
		};
/* End PBXResourcesBuildPhase section */

/* Begin PBXSourcesBuildPhase section */
		FC95F09D2A5E18A200268837 /* Sources */ = {
			isa = PBXSourcesBuildPhase;
			buildActionMask = 2147483647;
			files = (
				FC9E2DE72A61BDBA00ABF5CB /* ExampleDatabase.xcdatamodeld in Sources */,
				FC9E2DE92A61C22000ABF5CB /* Dish + Extension.swift in Sources */,
				FC9E2DD42A6093E400ABF5CB /* Onboarding.swift in Sources */,
				FC9E2DD62A609A1F00ABF5CB /* Home.swift in Sources */,
				FC9E2DE02A61B9D200ABF5CB /* MenuList.swift in Sources */,
				FC9E2DDA2A609EC500ABF5CB /* UserProfile.swift in Sources */,
				FC9E2DDD2A61B97200ABF5CB /* Persistence.swift in Sources */,
				FC9E2DD82A609A5600ABF5CB /* Menu.swift in Sources */,
				FC9E2DE22A61B9DC00ABF5CB /* MenuItem.swift in Sources */,
				FCE135FF2A635D3000CBF152 /* HomeView.swift in Sources */,
				FC9E2DDE2A61B97200ABF5CB /* FetchedObjects.swift in Sources */,
				FC95F0A52A5E18A200268837 /* Little_Lemon_CapstoneApp.swift in Sources */,
			);
			runOnlyForDeploymentPostprocessing = 0;
		};
/* End PBXSourcesBuildPhase section */

/* Begin XCBuildConfiguration section */
		FC95F0AD2A5E18AA00268837 /* Debug */ = {
			isa = XCBuildConfiguration;
			buildSettings = {
				ALWAYS_SEARCH_USER_PATHS = NO;
				CLANG_ANALYZER_NONNULL = YES;
				CLANG_ANALYZER_NUMBER_OBJECT_CONVERSION = YES_AGGRESSIVE;
				CLANG_CXX_LANGUAGE_STANDARD = "gnu++20";
				CLANG_ENABLE_MODULES = YES;
				CLANG_ENABLE_OBJC_ARC = YES;
				CLANG_ENABLE_OBJC_WEAK = YES;
				CLANG_WARN_BLOCK_CAPTURE_AUTORELEASING = YES;
				CLANG_WARN_BOOL_CONVERSION = YES;
				CLANG_WARN_COMMA = YES;
				CLANG_WARN_CONSTANT_CONVERSION = YES;
				CLANG_WARN_DEPRECATED_OBJC_IMPLEMENTATIONS = YES;
				CLANG_WARN_DIRECT_OBJC_ISA_USAGE = YES_ERROR;
				CLANG_WARN_DOCUMENTATION_COMMENTS = YES;
				CLANG_WARN_EMPTY_BODY = YES;
				CLANG_WARN_ENUM_CONVERSION = YES;
				CLANG_WARN_INFINITE_RECURSION = YES;
				CLANG_WARN_INT_CONVERSION = YES;
				CLANG_WARN_NON_LITERAL_NULL_CONVERSION = YES;
				CLANG_WARN_OBJC_IMPLICIT_RETAIN_SELF = YES;
				CLANG_WARN_OBJC_LITERAL_CONVERSION = YES;
				CLANG_WARN_OBJC_ROOT_CLASS = YES_ERROR;
				CLANG_WARN_QUOTED_INCLUDE_IN_FRAMEWORK_HEADER = YES;
				CLANG_WARN_RANGE_LOOP_ANALYSIS = YES;
				CLANG_WARN_STRICT_PROTOTYPES = YES;
				CLANG_WARN_SUSPICIOUS_MOVE = YES;
				CLANG_WARN_UNGUARDED_AVAILABILITY = YES_AGGRESSIVE;
				CLANG_WARN_UNREACHABLE_CODE = YES;
				CLANG_WARN__DUPLICATE_METHOD_MATCH = YES;
				COPY_PHASE_STRIP = NO;
				DEBUG_INFORMATION_FORMAT = dwarf;
				ENABLE_STRICT_OBJC_MSGSEND = YES;
				ENABLE_TESTABILITY = YES;
				GCC_C_LANGUAGE_STANDARD = gnu11;
				GCC_DYNAMIC_NO_PIC = NO;
				GCC_NO_COMMON_BLOCKS = YES;
				GCC_OPTIMIZATION_LEVEL = 0;
				GCC_PREPROCESSOR_DEFINITIONS = (
					"DEBUG=1",
					"$(inherited)",
				);
				GCC_WARN_64_TO_32_BIT_CONVERSION = YES;
				GCC_WARN_ABOUT_RETURN_TYPE = YES_ERROR;
				GCC_WARN_UNDECLARED_SELECTOR = YES;
				GCC_WARN_UNINITIALIZED_AUTOS = YES_AGGRESSIVE;
				GCC_WARN_UNUSED_FUNCTION = YES;
				GCC_WARN_UNUSED_VARIABLE = YES;
				IPHONEOS_DEPLOYMENT_TARGET = 16.4;
				MTL_ENABLE_DEBUG_INFO = INCLUDE_SOURCE;
				MTL_FAST_MATH = YES;
				ONLY_ACTIVE_ARCH = YES;
				SDKROOT = iphoneos;
				SWIFT_ACTIVE_COMPILATION_CONDITIONS = DEBUG;
				SWIFT_OPTIMIZATION_LEVEL = "-Onone";
			};
			name = Debug;
		};
		FC95F0AE2A5E18AA00268837 /* Release */ = {
			isa = XCBuildConfiguration;
			buildSettings = {
				ALWAYS_SEARCH_USER_PATHS = NO;
				CLANG_ANALYZER_NONNULL = YES;
				CLANG_ANALYZER_NUMBER_OBJECT_CONVERSION = YES_AGGRESSIVE;
				CLANG_CXX_LANGUAGE_STANDARD = "gnu++20";
				CLANG_ENABLE_MODULES = YES;
				CLANG_ENABLE_OBJC_ARC = YES;
				CLANG_ENABLE_OBJC_WEAK = YES;
				CLANG_WARN_BLOCK_CAPTURE_AUTORELEASING = YES;
				CLANG_WARN_BOOL_CONVERSION = YES;
				CLANG_WARN_COMMA = YES;
				CLANG_WARN_CONSTANT_CONVERSION = YES;
				CLANG_WARN_DEPRECATED_OBJC_IMPLEMENTATIONS = YES;
				CLANG_WARN_DIRECT_OBJC_ISA_USAGE = YES_ERROR;
				CLANG_WARN_DOCUMENTATION_COMMENTS = YES;
				CLANG_WARN_EMPTY_BODY = YES;
				CLANG_WARN_ENUM_CONVERSION = YES;
				CLANG_WARN_INFINITE_RECURSION = YES;
				CLANG_WARN_INT_CONVERSION = YES;
				CLANG_WARN_NON_LITERAL_NULL_CONVERSION = YES;
				CLANG_WARN_OBJC_IMPLICIT_RETAIN_SELF = YES;
				CLANG_WARN_OBJC_LITERAL_CONVERSION = YES;
				CLANG_WARN_OBJC_ROOT_CLASS = YES_ERROR;
				CLANG_WARN_QUOTED_INCLUDE_IN_FRAMEWORK_HEADER = YES;
				CLANG_WARN_RANGE_LOOP_ANALYSIS = YES;
				CLANG_WARN_STRICT_PROTOTYPES = YES;
				CLANG_WARN_SUSPICIOUS_MOVE = YES;
				CLANG_WARN_UNGUARDED_AVAILABILITY = YES_AGGRESSIVE;
				CLANG_WARN_UNREACHABLE_CODE = YES;
				CLANG_WARN__DUPLICATE_METHOD_MATCH = YES;
				COPY_PHASE_STRIP = NO;
				DEBUG_INFORMATION_FORMAT = "dwarf-with-dsym";
				ENABLE_NS_ASSERTIONS = NO;
				ENABLE_STRICT_OBJC_MSGSEND = YES;
				GCC_C_LANGUAGE_STANDARD = gnu11;
				GCC_NO_COMMON_BLOCKS = YES;
				GCC_WARN_64_TO_32_BIT_CONVERSION = YES;
				GCC_WARN_ABOUT_RETURN_TYPE = YES_ERROR;
				GCC_WARN_UNDECLARED_SELECTOR = YES;
				GCC_WARN_UNINITIALIZED_AUTOS = YES_AGGRESSIVE;
				GCC_WARN_UNUSED_FUNCTION = YES;
				GCC_WARN_UNUSED_VARIABLE = YES;
				IPHONEOS_DEPLOYMENT_TARGET = 16.4;
				MTL_ENABLE_DEBUG_INFO = NO;
				MTL_FAST_MATH = YES;
				SDKROOT = iphoneos;
				SWIFT_COMPILATION_MODE = wholemodule;
				SWIFT_OPTIMIZATION_LEVEL = "-O";
				VALIDATE_PRODUCT = YES;
			};
			name = Release;
		};
		FC95F0B02A5E18AA00268837 /* Debug */ = {
			isa = XCBuildConfiguration;
			buildSettings = {
				ASSETCATALOG_COMPILER_APPICON_NAME = AppIcon;
				ASSETCATALOG_COMPILER_GLOBAL_ACCENT_COLOR_NAME = AccentColor;
				CODE_SIGN_STYLE = Automatic;
				CURRENT_PROJECT_VERSION = 1;
				DEVELOPMENT_ASSET_PATHS = "\"Little Lemon Capstone/Preview Content\"";
				DEVELOPMENT_TEAM = GMX7FB8LGL;
				ENABLE_PREVIEWS = YES;
				GENERATE_INFOPLIST_FILE = YES;
				INFOPLIST_KEY_UIApplicationSceneManifest_Generation = YES;
				INFOPLIST_KEY_UIApplicationSupportsIndirectInputEvents = YES;
				INFOPLIST_KEY_UILaunchScreen_Generation = YES;
				INFOPLIST_KEY_UISupportedInterfaceOrientations_iPad = "UIInterfaceOrientationPortrait UIInterfaceOrientationPortraitUpsideDown UIInterfaceOrientationLandscapeLeft UIInterfaceOrientationLandscapeRight";
				INFOPLIST_KEY_UISupportedInterfaceOrientations_iPhone = "UIInterfaceOrientationPortrait UIInterfaceOrientationLandscapeLeft UIInterfaceOrientationLandscapeRight";
				LD_RUNPATH_SEARCH_PATHS = (
					"$(inherited)",
					"@executable_path/Frameworks",
				);
				MARKETING_VERSION = 1.0;
				PRODUCT_BUNDLE_IDENTIFIER = "com.DanielCoyle.Little-Lemon-Capstone";
				PRODUCT_NAME = "$(TARGET_NAME)";
				SWIFT_EMIT_LOC_STRINGS = YES;
				SWIFT_VERSION = 5.0;
				TARGETED_DEVICE_FAMILY = "1,2";
			};
			name = Debug;
		};
		FC95F0B12A5E18AA00268837 /* Release */ = {
			isa = XCBuildConfiguration;
			buildSettings = {
				ASSETCATALOG_COMPILER_APPICON_NAME = AppIcon;
				ASSETCATALOG_COMPILER_GLOBAL_ACCENT_COLOR_NAME = AccentColor;
				CODE_SIGN_STYLE = Automatic;
				CURRENT_PROJECT_VERSION = 1;
				DEVELOPMENT_ASSET_PATHS = "\"Little Lemon Capstone/Preview Content\"";
				DEVELOPMENT_TEAM = GMX7FB8LGL;
				ENABLE_PREVIEWS = YES;
				GENERATE_INFOPLIST_FILE = YES;
				INFOPLIST_KEY_UIApplicationSceneManifest_Generation = YES;
				INFOPLIST_KEY_UIApplicationSupportsIndirectInputEvents = YES;
				INFOPLIST_KEY_UILaunchScreen_Generation = YES;
				INFOPLIST_KEY_UISupportedInterfaceOrientations_iPad = "UIInterfaceOrientationPortrait UIInterfaceOrientationPortraitUpsideDown UIInterfaceOrientationLandscapeLeft UIInterfaceOrientationLandscapeRight";
				INFOPLIST_KEY_UISupportedInterfaceOrientations_iPhone = "UIInterfaceOrientationPortrait UIInterfaceOrientationLandscapeLeft UIInterfaceOrientationLandscapeRight";
				LD_RUNPATH_SEARCH_PATHS = (
					"$(inherited)",
					"@executable_path/Frameworks",
				);
				MARKETING_VERSION = 1.0;
				PRODUCT_BUNDLE_IDENTIFIER = "com.DanielCoyle.Little-Lemon-Capstone";
				PRODUCT_NAME = "$(TARGET_NAME)";
				SWIFT_EMIT_LOC_STRINGS = YES;
				SWIFT_VERSION = 5.0;
				TARGETED_DEVICE_FAMILY = "1,2";
			};
			name = Release;
		};
/* End XCBuildConfiguration section */

/* Begin XCConfigurationList section */
		FC95F09C2A5E18A200268837 /* Build configuration list for PBXProject "Little Lemon Capstone" */ = {
			isa = XCConfigurationList;
			buildConfigurations = (
				FC95F0AD2A5E18AA00268837 /* Debug */,
				FC95F0AE2A5E18AA00268837 /* Release */,
			);
			defaultConfigurationIsVisible = 0;
			defaultConfigurationName = Release;
		};
		FC95F0AF2A5E18AA00268837 /* Build configuration list for PBXNativeTarget "Little Lemon Capstone" */ = {
			isa = XCConfigurationList;
			buildConfigurations = (
				FC95F0B02A5E18AA00268837 /* Debug */,
				FC95F0B12A5E18AA00268837 /* Release */,
			);
			defaultConfigurationIsVisible = 0;
			defaultConfigurationName = Release;
		};
/* End XCConfigurationList section */

/* Begin XCVersionGroup section */
		FC9E2DE52A61BDBA00ABF5CB /* ExampleDatabase.xcdatamodeld */ = {
			isa = XCVersionGroup;
			children = (
				FC9E2DE62A61BDBA00ABF5CB /* ExampleDatabase.xcdatamodel */,
			);
			currentVersion = FC9E2DE62A61BDBA00ABF5CB /* ExampleDatabase.xcdatamodel */;
			path = ExampleDatabase.xcdatamodeld;
			sourceTree = "<group>";
			versionGroupType = wrapper.xcdatamodel;
		};
/* End XCVersionGroup section */
	};
	rootObject = FC95F0992A5E18A200268837 /* Project object */;
}
